
Microsoft Visual Studio Solution File, Format Version 12.00
# Visual Studio 2013
VisualStudioVersion = 12.0.21005.1
MinimumVisualStudioVersion = 10.0.40219.1
Project("{8BC9CEB8-8B4A-11D0-8D11-00A0C91BC942}") = "Esercizio 5", "Esercizio 5.vcxproj", "{E6561BF4-1382-4017-8A76-37A532D3AE13}"
EndProject
Global
	GlobalSection(SolutionConfigurationPlatforms) = preSolution
		Debug|Win32 = Debug|Win32
		Release|Win32 = Release|Win32
	EndGlobalSection
	GlobalSection(ProjectConfigurationPlatforms) = postSolution
		{E6561BF4-1382-4017-8A76-37A532D3AE13}.Debug|Win32.ActiveCfg = Debug|Win32
		{E6561BF4-1382-4017-8A76-37A532D3AE13}.Debug|Win32.Build.0 = Debug|Win32
		{E6561BF4-1382-4017-8A76-37A532D3AE13}.Release|Win32.ActiveCfg = Release|Win32
		{E6561BF4-1382-4017-8A76-37A532D3AE13}.Release|Win32.Build.0 = Release|Win32
	EndGlobalSection
	GlobalSection(SolutionProperties) = preSolution
		HideSolutionNode = FALSE
	EndGlobalSection
EndGlobal
